// !$*UTF8*$!
{
	archiveVersion = 1;
	classes = {
	};
	objectVersion = 50;
	objects = {

/* Begin PBXBuildFile section */
		037F8EDB22860BAA006F2B7F /* AppDelegate.swift in Sources */ = {isa = PBXBuildFile; fileRef = 037F8EDA22860BAA006F2B7F /* AppDelegate.swift */; };
		037F8EDD22860BAA006F2B7F /* ViewController.swift in Sources */ = {isa = PBXBuildFile; fileRef = 037F8EDC22860BAA006F2B7F /* ViewController.swift */; };
		037F8EE022860BAA006F2B7F /* Main.storyboard in Resources */ = {isa = PBXBuildFile; fileRef = 037F8EDE22860BAA006F2B7F /* Main.storyboard */; };
		037F8EE222860BAC006F2B7F /* Assets.xcassets in Resources */ = {isa = PBXBuildFile; fileRef = 037F8EE122860BAC006F2B7F /* Assets.xcassets */; };
		037F8EE522860BAC006F2B7F /* LaunchScreen.storyboard in Resources */ = {isa = PBXBuildFile; fileRef = 037F8EE322860BAC006F2B7F /* LaunchScreen.storyboard */; };
		037F8EEE22860DB8006F2B7F /* NetworkManager.swift in Sources */ = {isa = PBXBuildFile; fileRef = 037F8EEC22860DB8006F2B7F /* NetworkManager.swift */; };
/* End PBXBuildFile section */

/* Begin PBXFileReference section */
		037F8ED722860BAA006F2B7F /* reddit.app */ = {isa = PBXFileReference; explicitFileType = wrapper.application; includeInIndex = 0; path = reddit.app; sourceTree = BUILT_PRODUCTS_DIR; };
		037F8EDA22860BAA006F2B7F /* AppDelegate.swift */ = {isa = PBXFileReference; lastKnownFileType = sourcecode.swift; path = AppDelegate.swift; sourceTree = "<group>"; };
		037F8EDC22860BAA006F2B7F /* ViewController.swift */ = {isa = PBXFileReference; lastKnownFileType = sourcecode.swift; path = ViewController.swift; sourceTree = "<group>"; };
		037F8EDF22860BAA006F2B7F /* Base */ = {isa = PBXFileReference; lastKnownFileType = file.storyboard; name = Base; path = Base.lproj/Main.storyboard; sourceTree = "<group>"; };
		037F8EE122860BAC006F2B7F /* Assets.xcassets */ = {isa = PBXFileReference; lastKnownFileType = folder.assetcatalog; path = Assets.xcassets; sourceTree = "<group>"; };
		037F8EE422860BAC006F2B7F /* Base */ = {isa = PBXFileReference; lastKnownFileType = file.storyboard; name = Base; path = Base.lproj/LaunchScreen.storyboard; sourceTree = "<group>"; };
		037F8EE622860BAC006F2B7F /* Info.plist */ = {isa = PBXFileReference; lastKnownFileType = text.plist.xml; path = Info.plist; sourceTree = "<group>"; };
		037F8EEC22860DB8006F2B7F /* NetworkManager.swift */ = {isa = PBXFileReference; fileEncoding = 4; lastKnownFileType = sourcecode.swift; path = NetworkManager.swift; sourceTree = "<group>"; };
/* End PBXFileReference section */

/* Begin PBXFrameworksBuildPhase section */
		037F8ED422860BAA006F2B7F /* Frameworks */ = {
			isa = PBXFrameworksBuildPhase;
			buildActionMask = 2147483647;
			files = (
			);
			runOnlyForDeploymentPostprocessing = 0;
		};
/* End PBXFrameworksBuildPhase section */

/* Begin PBXGroup section */
		037F8ECE22860BAA006F2B7F = {
			isa = PBXGroup;
			children = (
				037F8ED922860BAA006F2B7F /* reddit */,
				037F8ED822860BAA006F2B7F /* Products */,
			);
			sourceTree = "<group>";
		};
		037F8ED822860BAA006F2B7F /* Products */ = {
			isa = PBXGroup;
			children = (
				037F8ED722860BAA006F2B7F /* reddit.app */,
			);
			name = Products;
			sourceTree = "<group>";
		};
		037F8ED922860BAA006F2B7F /* reddit */ = {
			isa = PBXGroup;
			children = (
				037F8EEC22860DB8006F2B7F /* NetworkManager.swift */,
				037F8EDA22860BAA006F2B7F /* AppDelegate.swift */,
				037F8EDC22860BAA006F2B7F /* ViewController.swift */,
				037F8EDE22860BAA006F2B7F /* Main.storyboard */,
				037F8EE122860BAC006F2B7F /* Assets.xcassets */,
				037F8EE322860BAC006F2B7F /* LaunchScreen.storyboard */,
				037F8EE622860BAC006F2B7F /* Info.plist */,
			);
			path = reddit;
			sourceTree = "<group>";
		};
/* End PBXGroup section */

/* Begin PBXNativeTarget section */
		037F8ED622860BAA006F2B7F /* reddit */ = {
			isa = PBXNativeTarget;
			buildConfigurationList = 037F8EE922860BAC006F2B7F /* Build configuration list for PBXNativeTarget "reddit" */;
			buildPhases = (
				037F8ED322860BAA006F2B7F /* Sources */,
				037F8ED422860BAA006F2B7F /* Frameworks */,
				037F8ED522860BAA006F2B7F /* Resources */,
			);
			buildRules = (
			);
			dependencies = (
			);
			name = reddit;
			productName = reddit;
			productReference = 037F8ED722860BAA006F2B7F /* reddit.app */;
			productType = "com.apple.product-type.application";
		};
/* End PBXNativeTarget section */

/* Begin PBXProject section */
		037F8ECF22860BAA006F2B7F /* Project object */ = {
			isa = PBXProject;
			attributes = {
				LastSwiftUpdateCheck = 1010;
				LastUpgradeCheck = 1010;
				ORGANIZATIONNAME = Schtein;
				TargetAttributes = {
					037F8ED622860BAA006F2B7F = {
						CreatedOnToolsVersion = 10.1;
					};
				};
			};
			buildConfigurationList = 037F8ED222860BAA006F2B7F /* Build configuration list for PBXProject "reddit" */;
			compatibilityVersion = "Xcode 9.3";
			developmentRegion = en;
			hasScannedForEncodings = 0;
			knownRegions = (
				en,
				Base,
			);
			mainGroup = 037F8ECE22860BAA006F2B7F;
			productRefGroup = 037F8ED822860BAA006F2B7F /* Products */;
			projectDirPath = "";
			projectRoot = "";
			targets = (
				037F8ED622860BAA006F2B7F /* reddit */,
			);
		};
/* End PBXProject section */

/* Begin PBXResourcesBuildPhase section */
		037F8ED522860BAA006F2B7F /* Resources */ = {
			isa = PBXResourcesBuildPhase;
			buildActionMask = 2147483647;
			files = (
				037F8EE522860BAC006F2B7F /* LaunchScreen.storyboard in Resources */,
				037F8EE222860BAC006F2B7F /* Assets.xcassets in Resources */,
				037F8EE022860BAA006F2B7F /* Main.storyboard in Resources */,
			);
			runOnlyForDeploymentPostprocessing = 0;
		};
/* End PBXResourcesBuildPhase section */

/* Begin PBXSourcesBuildPhase section */
		037F8ED322860BAA006F2B7F /* Sources */ = {
			isa = PBXSourcesBuildPhase;
			buildActionMask = 2147483647;
			files = (
				037F8EDD22860BAA006F2B7F /* ViewController.swift in Sources */,
				037F8EDB22860BAA006F2B7F /* AppDelegate.swift in Sources */,
				037F8EEE22860DB8006F2B7F /* NetworkManager.swift in Sources */,
			);
			runOnlyForDeploymentPostprocessing = 0;
		};
/* End PBXSourcesBuildPhase section */

/* Begin PBXVariantGroup section */
		037F8EDE22860BAA006F2B7F /* Main.storyboard */ = {
			isa = PBXVariantGroup;
			children = (
				037F8EDF22860BAA006F2B7F /* Base */,
			);
			name = Main.storyboard;
			sourceTree = "<group>";
		};
		037F8EE322860BAC006F2B7F /* LaunchScreen.storyboard */ = {
			isa = PBXVariantGroup;
			children = (
				037F8EE422860BAC006F2B7F /* Base */,
			);
			name = LaunchScreen.storyboard;
			sourceTree = "<group>";
		};
/* End PBXVariantGroup section */

/* Begin XCBuildConfiguration section */
		037F8EE722860BAC006F2B7F /* Debug */ = {
			isa = XCBuildConfiguration;
			buildSettings = {
				ALWAYS_SEARCH_USER_PATHS = NO;
				CLANG_ANALYZER_NONNULL = YES;
				CLANG_ANALYZER_NUMBER_OBJECT_CONVERSION = YES_AGGRESSIVE;
				CLANG_CXX_LANGUAGE_STANDARD = "gnu++14";
				CLANG_CXX_LIBRARY = "libc++";
				CLANG_ENABLE_MODULES = YES;
				CLANG_ENABLE_OBJC_ARC = YES;
				CLANG_ENABLE_OBJC_WEAK = YES;
				CLANG_WARN_BLOCK_CAPTURE_AUTORELEASING = YES;
				CLANG_WARN_BOOL_CONVERSION = YES;
				CLANG_WARN_COMMA = YES;
				CLANG_WARN_CONSTANT_CONVERSION = YES;
				CLANG_WARN_DEPRECATED_OBJC_IMPLEMENTATIONS = YES;
				CLANG_WARN_DIRECT_OBJC_ISA_USAGE = YES_ERROR;
				CLANG_WARN_DOCUMENTATION_COMMENTS = YES;
				CLANG_WARN_EMPTY_BODY = YES;
				CLANG_WARN_ENUM_CONVERSION = YES;
				CLANG_WARN_INFINITE_RECURSION = YES;
				CLANG_WARN_INT_CONVERSION = YES;
				CLANG_WARN_NON_LITERAL_NULL_CONVERSION = YES;
				CLANG_WARN_OBJC_IMPLICIT_RETAIN_SELF = YES;
				CLANG_WARN_OBJC_LITERAL_CONVERSION = YES;
				CLANG_WARN_OBJC_ROOT_CLASS = YES_ERROR;
				CLANG_WARN_RANGE_LOOP_ANALYSIS = YES;
				CLANG_WARN_STRICT_PROTOTYPES = YES;
				CLANG_WARN_SUSPICIOUS_MOVE = YES;
				CLANG_WARN_UNGUARDED_AVAILABILITY = YES_AGGRESSIVE;
				CLANG_WARN_UNREACHABLE_CODE = YES;
				CLANG_WARN__DUPLICATE_METHOD_MATCH = YES;
				CODE_SIGN_IDENTITY = "iPhone Developer";
				COPY_PHASE_STRIP = NO;
				DEBUG_INFORMATION_FORMAT = dwarf;
				ENABLE_STRICT_OBJC_MSGSEND = YES;
				ENABLE_TESTABILITY = YES;
				GCC_C_LANGUAGE_STANDARD = gnu11;
				GCC_DYNAMIC_NO_PIC = NO;
				GCC_NO_COMMON_BLOCKS = YES;
				GCC_OPTIMIZATION_LEVEL = 0;
				GCC_PREPROCESSOR_DEFINITIONS = (
					"DEBUG=1",
					"$(inherited)",
				);
				GCC_WARN_64_TO_32_BIT_CONVERSION = YES;
				GCC_WARN_ABOUT_RETURN_TYPE = YES_ERROR;
				GCC_WARN_UNDECLARED_SELECTOR = YES;
				GCC_WARN_UNINITIALIZED_AUTOS = YES_AGGRESSIVE;
				GCC_WARN_UNUSED_FUNCTION = YES;
				GCC_WARN_UNUSED_VARIABLE = YES;
				IPHONEOS_DEPLOYMENT_TARGET = 12.1;
				MTL_ENABLE_DEBUG_INFO = INCLUDE_SOURCE;
				MTL_FAST_MATH = YES;
				ONLY_ACTIVE_ARCH = YES;
				SDKROOT = iphoneos;
				SWIFT_ACTIVE_COMPILATION_CONDITIONS = DEBUG;
				SWIFT_OPTIMIZATION_LEVEL = "-Onone";
			};
			name = Debug;
		};
		037F8EE822860BAC006F2B7F /* Release */ = {
			isa = XCBuildConfiguration;
			buildSettings = {
				ALWAYS_SEARCH_USER_PATHS = NO;
				CLANG_ANALYZER_NONNULL = YES;
				CLANG_ANALYZER_NUMBER_OBJECT_CONVERSION = YES_AGGRESSIVE;
				CLANG_CXX_LANGUAGE_STANDARD = "gnu++14";
				CLANG_CXX_LIBRARY = "libc++";
				CLANG_ENABLE_MODULES = YES;
				CLANG_ENABLE_OBJC_ARC = YES;
				CLANG_ENABLE_OBJC_WEAK = YES;
				CLANG_WARN_BLOCK_CAPTURE_AUTORELEASING = YES;
				CLANG_WARN_BOOL_CONVERSION = YES;
				CLANG_WARN_COMMA = YES;
				CLANG_WARN_CONSTANT_CONVERSION = YES;
				CLANG_WARN_DEPRECATED_OBJC_IMPLEMENTATIONS = YES;
				CLANG_WARN_DIRECT_OBJC_ISA_USAGE = YES_ERROR;
				CLANG_WARN_DOCUMENTATION_COMMENTS = YES;
				CLANG_WARN_EMPTY_BODY = YES;
				CLANG_WARN_ENUM_CONVERSION = YES;
				CLANG_WARN_INFINITE_RECURSION = YES;
				CLANG_WARN_INT_CONVERSION = YES;
				CLANG_WARN_NON_LITERAL_NULL_CONVERSION = YES;
				CLANG_WARN_OBJC_IMPLICIT_RETAIN_SELF = YES;
				CLANG_WARN_OBJC_LITERAL_CONVERSION = YES;
				CLANG_WARN_OBJC_ROOT_CLASS = YES_ERROR;
				CLANG_WARN_RANGE_LOOP_ANALYSIS = YES;
				CLANG_WARN_STRICT_PROTOTYPES = YES;
				CLANG_WARN_SUSPICIOUS_MOVE = YES;
				CLANG_WARN_UNGUARDED_AVAILABILITY = YES_AGGRESSIVE;
				CLANG_WARN_UNREACHABLE_CODE = YES;
				CLANG_WARN__DUPLICATE_METHOD_MATCH = YES;
				CODE_SIGN_IDENTITY = "iPhone Developer";
				COPY_PHASE_STRIP = NO;
				DEBUG_INFORMATION_FORMAT = "dwarf-with-dsym";
				ENABLE_NS_ASSERTIONS = NO;
				ENABLE_STRICT_OBJC_MSGSEND = YES;
				GCC_C_LANGUAGE_STANDARD = gnu11;
				GCC_NO_COMMON_BLOCKS = YES;
				GCC_WARN_64_TO_32_BIT_CONVERSION = YES;
				GCC_WARN_ABOUT_RETURN_TYPE = YES_ERROR;
				GCC_WARN_UNDECLARED_SELECTOR = YES;
				GCC_WARN_UNINITIALIZED_AUTOS = YES_AGGRESSIVE;
				GCC_WARN_UNUSED_FUNCTION = YES;
				GCC_WARN_UNUSED_VARIABLE = YES;
				IPHONEOS_DEPLOYMENT_TARGET = 12.1;
				MTL_ENABLE_DEBUG_INFO = NO;
				MTL_FAST_MATH = YES;
				SDKROOT = iphoneos;
				SWIFT_COMPILATION_MODE = wholemodule;
				SWIFT_OPTIMIZATION_LEVEL = "-O";
				VALIDATE_PRODUCT = YES;
			};
			name = Release;
		};
		037F8EEA22860BAC006F2B7F /* Debug */ = {
			isa = XCBuildConfiguration;
			buildSettings = {
				ASSETCATALOG_COMPILER_APPICON_NAME = AppIcon;
				CODE_SIGN_STYLE = Automatic;
				DEVELOPMENT_TEAM = EBHD559BV6;
				INFOPLIST_FILE = reddit/Info.plist;
				LD_RUNPATH_SEARCH_PATHS = (
					"$(inherited)",
					"@executable_path/Frameworks",
				);
				PRODUCT_BUNDLE_IDENTIFIER = com.schtien.reddit;
				PRODUCT_NAME = "$(TARGET_NAME)";
				SWIFT_VERSION = 4.2;
				TARGETED_DEVICE_FAMILY = "1,2";
			};
			name = Debug;
		};
		037F8EEB22860BAC006F2B7F /* Release */ = {
			isa = XCBuildConfiguration;
			buildSettings = {
				ASSETCATALOG_COMPILER_APPICON_NAME = AppIcon;
				CODE_SIGN_STYLE = Automatic;
				DEVELOPMENT_TEAM = EBHD559BV6;
				INFOPLIST_FILE = reddit/Info.plist;
				LD_RUNPATH_SEARCH_PATHS = (
					"$(inherited)",
					"@executable_path/Frameworks",
				);
				PRODUCT_BUNDLE_IDENTIFIER = com.schtien.reddit;
				PRODUCT_NAME = "$(TARGET_NAME)";
				SWIFT_VERSION = 4.2;
				TARGETED_DEVICE_FAMILY = "1,2";
			};
			name = Release;
		};
/* End XCBuildConfiguration section */

/* Begin XCConfigurationList section */
		037F8ED222860BAA006F2B7F /* Build configuration list for PBXProject "reddit" */ = {
			isa = XCConfigurationList;
			buildConfigurations = (
				037F8EE722860BAC006F2B7F /* Debug */,
				037F8EE822860BAC006F2B7F /* Release */,
			);
			defaultConfigurationIsVisible = 0;
			defaultConfigurationName = Release;
		};
		037F8EE922860BAC006F2B7F /* Build configuration list for PBXNativeTarget "reddit" */ = {
			isa = XCConfigurationList;
			buildConfigurations = (
				037F8EEA22860BAC006F2B7F /* Debug */,
				037F8EEB22860BAC006F2B7F /* Release */,
			);
			defaultConfigurationIsVisible = 0;
			defaultConfigurationName = Release;
		};
/* End XCConfigurationList section */
	};
	rootObject = 037F8ECF22860BAA006F2B7F /* Project object */;
}
